
Microsoft Visual Studio Solution File, Format Version 12.00
# Visual Studio Version 17
VisualStudioVersion = 17.5.33530.505
MinimumVisualStudioVersion = 10.0.40219.1
Project("{FAE04EC0-301F-11D3-BF4B-00C04F79EFBC}") = "집합과 맵", "집합과 맵\집합과 맵.csproj", "{24999412-B928-4BA6-B432-6911723F3F72}"
EndProject
Global
	GlobalSection(SolutionConfigurationPlatforms) = preSolution
		Debug|Any CPU = Debug|Any CPU
		Release|Any CPU = Release|Any CPU
	EndGlobalSection
	GlobalSection(ProjectConfigurationPlatforms) = postSolution
		{24999412-B928-4BA6-B432-6911723F3F72}.Debug|Any CPU.ActiveCfg = Debug|Any CPU
		{24999412-B928-4BA6-B432-6911723F3F72}.Debug|Any CPU.Build.0 = Debug|Any CPU
		{24999412-B928-4BA6-B432-6911723F3F72}.Release|Any CPU.ActiveCfg = Release|Any CPU
		{24999412-B928-4BA6-B432-6911723F3F72}.Release|Any CPU.Build.0 = Release|Any CPU
	EndGlobalSection
	GlobalSection(SolutionProperties) = preSolution
		HideSolutionNode = FALSE
	EndGlobalSection
	GlobalSection(ExtensibilityGlobals) = postSolution
		SolutionGuid = {09365E4E-4A6A-43D2-B00D-3BBEF65EB974}
	EndGlobalSection
EndGlobal
