
Microsoft Visual Studio Solution File, Format Version 12.00
# Visual Studio Version 16
VisualStudioVersion = 16.0.32802.440
MinimumVisualStudioVersion = 10.0.40219.1
Project("{FAE04EC0-301F-11D3-BF4B-00C04F79EFBC}") = "2753 윤년", "2753 윤년\2753 윤년.csproj", "{04997893-07A2-4082-AB7F-F35C8B0123C1}"
EndProject
Global
	GlobalSection(SolutionConfigurationPlatforms) = preSolution
		Debug|Any CPU = Debug|Any CPU
		Release|Any CPU = Release|Any CPU
	EndGlobalSection
	GlobalSection(ProjectConfigurationPlatforms) = postSolution
		{04997893-07A2-4082-AB7F-F35C8B0123C1}.Debug|Any CPU.ActiveCfg = Debug|Any CPU
		{04997893-07A2-4082-AB7F-F35C8B0123C1}.Debug|Any CPU.Build.0 = Debug|Any CPU
		{04997893-07A2-4082-AB7F-F35C8B0123C1}.Release|Any CPU.ActiveCfg = Release|Any CPU
		{04997893-07A2-4082-AB7F-F35C8B0123C1}.Release|Any CPU.Build.0 = Release|Any CPU
	EndGlobalSection
	GlobalSection(SolutionProperties) = preSolution
		HideSolutionNode = FALSE
	EndGlobalSection
	GlobalSection(ExtensibilityGlobals) = postSolution
		SolutionGuid = {93AA64C6-7AD9-4289-92B9-277ED2BEC258}
	EndGlobalSection
EndGlobal
