
Microsoft Visual Studio Solution File, Format Version 12.00
# Visual Studio Version 16
VisualStudioVersion = 16.0.32802.440
MinimumVisualStudioVersion = 10.0.40219.1
Project("{FAE04EC0-301F-11D3-BF4B-00C04F79EFBC}") = "25206 너의 평점은", "25206 너의 평점은\25206 너의 평점은.csproj", "{6A212EC3-76A1-41DF-A968-02292A2EFB5B}"
EndProject
Global
	GlobalSection(SolutionConfigurationPlatforms) = preSolution
		Debug|Any CPU = Debug|Any CPU
		Release|Any CPU = Release|Any CPU
	EndGlobalSection
	GlobalSection(ProjectConfigurationPlatforms) = postSolution
		{6A212EC3-76A1-41DF-A968-02292A2EFB5B}.Debug|Any CPU.ActiveCfg = Debug|Any CPU
		{6A212EC3-76A1-41DF-A968-02292A2EFB5B}.Debug|Any CPU.Build.0 = Debug|Any CPU
		{6A212EC3-76A1-41DF-A968-02292A2EFB5B}.Release|Any CPU.ActiveCfg = Release|Any CPU
		{6A212EC3-76A1-41DF-A968-02292A2EFB5B}.Release|Any CPU.Build.0 = Release|Any CPU
	EndGlobalSection
	GlobalSection(SolutionProperties) = preSolution
		HideSolutionNode = FALSE
	EndGlobalSection
	GlobalSection(ExtensibilityGlobals) = postSolution
		SolutionGuid = {63A978FE-D20E-4773-B1B3-7FF0F6C2AD63}
	EndGlobalSection
EndGlobal
