
Microsoft Visual Studio Solution File, Format Version 12.00
# Visual Studio Version 16
VisualStudioVersion = 16.0.32802.440
MinimumVisualStudioVersion = 10.0.40219.1
Project("{FAE04EC0-301F-11D3-BF4B-00C04F79EFBC}") = "10172 개", "10172 개\10172 개.csproj", "{F53305D1-540A-48F4-A123-DEB4E7407189}"
EndProject
Global
	GlobalSection(SolutionConfigurationPlatforms) = preSolution
		Debug|Any CPU = Debug|Any CPU
		Release|Any CPU = Release|Any CPU
	EndGlobalSection
	GlobalSection(ProjectConfigurationPlatforms) = postSolution
		{F53305D1-540A-48F4-A123-DEB4E7407189}.Debug|Any CPU.ActiveCfg = Debug|Any CPU
		{F53305D1-540A-48F4-A123-DEB4E7407189}.Debug|Any CPU.Build.0 = Debug|Any CPU
		{F53305D1-540A-48F4-A123-DEB4E7407189}.Release|Any CPU.ActiveCfg = Release|Any CPU
		{F53305D1-540A-48F4-A123-DEB4E7407189}.Release|Any CPU.Build.0 = Release|Any CPU
	EndGlobalSection
	GlobalSection(SolutionProperties) = preSolution
		HideSolutionNode = FALSE
	EndGlobalSection
	GlobalSection(ExtensibilityGlobals) = postSolution
		SolutionGuid = {EF410217-4569-41AA-8AE0-CF625085F13F}
	EndGlobalSection
EndGlobal
