
Microsoft Visual Studio Solution File, Format Version 12.00
# Visual Studio Version 16
VisualStudioVersion = 16.0.32802.440
MinimumVisualStudioVersion = 10.0.40219.1
Project("{FAE04EC0-301F-11D3-BF4B-00C04F79EFBC}") = "5597 과제 안 내신 분", "5597 과제 안 내신 분\5597 과제 안 내신 분.csproj", "{07B38F19-2912-423A-A34F-382576382328}"
EndProject
Global
	GlobalSection(SolutionConfigurationPlatforms) = preSolution
		Debug|Any CPU = Debug|Any CPU
		Release|Any CPU = Release|Any CPU
	EndGlobalSection
	GlobalSection(ProjectConfigurationPlatforms) = postSolution
		{07B38F19-2912-423A-A34F-382576382328}.Debug|Any CPU.ActiveCfg = Debug|Any CPU
		{07B38F19-2912-423A-A34F-382576382328}.Debug|Any CPU.Build.0 = Debug|Any CPU
		{07B38F19-2912-423A-A34F-382576382328}.Release|Any CPU.ActiveCfg = Release|Any CPU
		{07B38F19-2912-423A-A34F-382576382328}.Release|Any CPU.Build.0 = Release|Any CPU
	EndGlobalSection
	GlobalSection(SolutionProperties) = preSolution
		HideSolutionNode = FALSE
	EndGlobalSection
	GlobalSection(ExtensibilityGlobals) = postSolution
		SolutionGuid = {5E487C46-470F-453D-87A6-5AC0CBBC15F0}
	EndGlobalSection
EndGlobal
