
Microsoft Visual Studio Solution File, Format Version 12.00
# Visual Studio Version 16
VisualStudioVersion = 16.0.32802.440
MinimumVisualStudioVersion = 10.0.40219.1
Project("{FAE04EC0-301F-11D3-BF4B-00C04F79EFBC}") = "4344 평균은 넘겠지", "4344 평균은 넘겠지\4344 평균은 넘겠지.csproj", "{8C12DC49-FBF2-4BB7-98B9-E00688ABE676}"
EndProject
Global
	GlobalSection(SolutionConfigurationPlatforms) = preSolution
		Debug|Any CPU = Debug|Any CPU
		Release|Any CPU = Release|Any CPU
	EndGlobalSection
	GlobalSection(ProjectConfigurationPlatforms) = postSolution
		{8C12DC49-FBF2-4BB7-98B9-E00688ABE676}.Debug|Any CPU.ActiveCfg = Debug|Any CPU
		{8C12DC49-FBF2-4BB7-98B9-E00688ABE676}.Debug|Any CPU.Build.0 = Debug|Any CPU
		{8C12DC49-FBF2-4BB7-98B9-E00688ABE676}.Release|Any CPU.ActiveCfg = Release|Any CPU
		{8C12DC49-FBF2-4BB7-98B9-E00688ABE676}.Release|Any CPU.Build.0 = Release|Any CPU
	EndGlobalSection
	GlobalSection(SolutionProperties) = preSolution
		HideSolutionNode = FALSE
	EndGlobalSection
	GlobalSection(ExtensibilityGlobals) = postSolution
		SolutionGuid = {3B0E53B4-7440-49C4-AF8A-54871142152D}
	EndGlobalSection
EndGlobal
