
Microsoft Visual Studio Solution File, Format Version 12.00
# Visual Studio Version 16
VisualStudioVersion = 16.0.32802.440
MinimumVisualStudioVersion = 10.0.40219.1
Project("{FAE04EC0-301F-11D3-BF4B-00C04F79EFBC}") = "10926 입출력 응용", "10926 입출력 응용\10926 입출력 응용.csproj", "{549B647C-374C-4F57-A42B-8C991EE6B3A3}"
EndProject
Global
	GlobalSection(SolutionConfigurationPlatforms) = preSolution
		Debug|Any CPU = Debug|Any CPU
		Release|Any CPU = Release|Any CPU
	EndGlobalSection
	GlobalSection(ProjectConfigurationPlatforms) = postSolution
		{549B647C-374C-4F57-A42B-8C991EE6B3A3}.Debug|Any CPU.ActiveCfg = Debug|Any CPU
		{549B647C-374C-4F57-A42B-8C991EE6B3A3}.Debug|Any CPU.Build.0 = Debug|Any CPU
		{549B647C-374C-4F57-A42B-8C991EE6B3A3}.Release|Any CPU.ActiveCfg = Release|Any CPU
		{549B647C-374C-4F57-A42B-8C991EE6B3A3}.Release|Any CPU.Build.0 = Release|Any CPU
	EndGlobalSection
	GlobalSection(SolutionProperties) = preSolution
		HideSolutionNode = FALSE
	EndGlobalSection
	GlobalSection(ExtensibilityGlobals) = postSolution
		SolutionGuid = {5DE72C67-1184-4B61-99B9-61FAAFD97EDD}
	EndGlobalSection
EndGlobal
