
Microsoft Visual Studio Solution File, Format Version 12.00
# Visual Studio Version 16
VisualStudioVersion = 16.0.32802.440
MinimumVisualStudioVersion = 10.0.40219.1
Project("{FAE04EC0-301F-11D3-BF4B-00C04F79EFBC}") = "10818 최소 최대", "10818 최소 최대\10818 최소 최대.csproj", "{0D35E1E1-7960-40EA-9E27-FE71126A19AA}"
EndProject
Global
	GlobalSection(SolutionConfigurationPlatforms) = preSolution
		Debug|Any CPU = Debug|Any CPU
		Release|Any CPU = Release|Any CPU
	EndGlobalSection
	GlobalSection(ProjectConfigurationPlatforms) = postSolution
		{0D35E1E1-7960-40EA-9E27-FE71126A19AA}.Debug|Any CPU.ActiveCfg = Debug|Any CPU
		{0D35E1E1-7960-40EA-9E27-FE71126A19AA}.Debug|Any CPU.Build.0 = Debug|Any CPU
		{0D35E1E1-7960-40EA-9E27-FE71126A19AA}.Release|Any CPU.ActiveCfg = Release|Any CPU
		{0D35E1E1-7960-40EA-9E27-FE71126A19AA}.Release|Any CPU.Build.0 = Release|Any CPU
	EndGlobalSection
	GlobalSection(SolutionProperties) = preSolution
		HideSolutionNode = FALSE
	EndGlobalSection
	GlobalSection(ExtensibilityGlobals) = postSolution
		SolutionGuid = {AE9986D8-2CBE-411F-8522-A7266EFC2FE5}
	EndGlobalSection
EndGlobal
