
Microsoft Visual Studio Solution File, Format Version 12.00
# Visual Studio Version 16
VisualStudioVersion = 16.0.32802.440
MinimumVisualStudioVersion = 10.0.40219.1
Project("{FAE04EC0-301F-11D3-BF4B-00C04F79EFBC}") = "GreedyAlgorithm", "GreedyAlgorithm\GreedyAlgorithm.csproj", "{68E0FD0C-4B2E-42DA-B188-427191870BDA}"
EndProject
Global
	GlobalSection(SolutionConfigurationPlatforms) = preSolution
		Debug|Any CPU = Debug|Any CPU
		Release|Any CPU = Release|Any CPU
	EndGlobalSection
	GlobalSection(ProjectConfigurationPlatforms) = postSolution
		{68E0FD0C-4B2E-42DA-B188-427191870BDA}.Debug|Any CPU.ActiveCfg = Debug|Any CPU
		{68E0FD0C-4B2E-42DA-B188-427191870BDA}.Debug|Any CPU.Build.0 = Debug|Any CPU
		{68E0FD0C-4B2E-42DA-B188-427191870BDA}.Release|Any CPU.ActiveCfg = Release|Any CPU
		{68E0FD0C-4B2E-42DA-B188-427191870BDA}.Release|Any CPU.Build.0 = Release|Any CPU
	EndGlobalSection
	GlobalSection(SolutionProperties) = preSolution
		HideSolutionNode = FALSE
	EndGlobalSection
	GlobalSection(ExtensibilityGlobals) = postSolution
		SolutionGuid = {843F13AE-51E5-4B6A-BD6B-F560FBDD5C29}
	EndGlobalSection
EndGlobal
