
Microsoft Visual Studio Solution File, Format Version 12.00
# Visual Studio Version 16
VisualStudioVersion = 16.0.32802.440
MinimumVisualStudioVersion = 10.0.40219.1
Project("{FAE04EC0-301F-11D3-BF4B-00C04F79EFBC}") = "SortAlgorithm", "SortAlgorithm\SortAlgorithm.csproj", "{4005231E-00B2-4DDE-B5AB-08D8F74888C5}"
EndProject
Global
	GlobalSection(SolutionConfigurationPlatforms) = preSolution
		Debug|Any CPU = Debug|Any CPU
		Release|Any CPU = Release|Any CPU
	EndGlobalSection
	GlobalSection(ProjectConfigurationPlatforms) = postSolution
		{4005231E-00B2-4DDE-B5AB-08D8F74888C5}.Debug|Any CPU.ActiveCfg = Debug|Any CPU
		{4005231E-00B2-4DDE-B5AB-08D8F74888C5}.Debug|Any CPU.Build.0 = Debug|Any CPU
		{4005231E-00B2-4DDE-B5AB-08D8F74888C5}.Release|Any CPU.ActiveCfg = Release|Any CPU
		{4005231E-00B2-4DDE-B5AB-08D8F74888C5}.Release|Any CPU.Build.0 = Release|Any CPU
	EndGlobalSection
	GlobalSection(SolutionProperties) = preSolution
		HideSolutionNode = FALSE
	EndGlobalSection
	GlobalSection(ExtensibilityGlobals) = postSolution
		SolutionGuid = {D52E0218-A88A-4014-8BD5-4AA03E51BDCF}
	EndGlobalSection
EndGlobal
