
Microsoft Visual Studio Solution File, Format Version 12.00
# Visual Studio Version 16
VisualStudioVersion = 16.0.32802.440
MinimumVisualStudioVersion = 10.0.40219.1
Project("{FAE04EC0-301F-11D3-BF4B-00C04F79EFBC}") = "10871 X보타 작은 수", "10871 X보타 작은 수\10871 X보타 작은 수.csproj", "{E383A821-70DB-4912-B6ED-53F2C2E7CABD}"
EndProject
Global
	GlobalSection(SolutionConfigurationPlatforms) = preSolution
		Debug|Any CPU = Debug|Any CPU
		Release|Any CPU = Release|Any CPU
	EndGlobalSection
	GlobalSection(ProjectConfigurationPlatforms) = postSolution
		{E383A821-70DB-4912-B6ED-53F2C2E7CABD}.Debug|Any CPU.ActiveCfg = Debug|Any CPU
		{E383A821-70DB-4912-B6ED-53F2C2E7CABD}.Debug|Any CPU.Build.0 = Debug|Any CPU
		{E383A821-70DB-4912-B6ED-53F2C2E7CABD}.Release|Any CPU.ActiveCfg = Release|Any CPU
		{E383A821-70DB-4912-B6ED-53F2C2E7CABD}.Release|Any CPU.Build.0 = Release|Any CPU
	EndGlobalSection
	GlobalSection(SolutionProperties) = preSolution
		HideSolutionNode = FALSE
	EndGlobalSection
	GlobalSection(ExtensibilityGlobals) = postSolution
		SolutionGuid = {66F9345A-267E-4830-AE12-1E87975DD663}
	EndGlobalSection
EndGlobal
