
Microsoft Visual Studio Solution File, Format Version 12.00
# Visual Studio Version 16
VisualStudioVersion = 16.0.32802.440
MinimumVisualStudioVersion = 10.0.40219.1
Project("{FAE04EC0-301F-11D3-BF4B-00C04F79EFBC}") = "11654 아스키 코드", "11654 아스키 코드\11654 아스키 코드.csproj", "{C0211388-ED60-402F-B741-3519B51F079E}"
EndProject
Global
	GlobalSection(SolutionConfigurationPlatforms) = preSolution
		Debug|Any CPU = Debug|Any CPU
		Release|Any CPU = Release|Any CPU
	EndGlobalSection
	GlobalSection(ProjectConfigurationPlatforms) = postSolution
		{C0211388-ED60-402F-B741-3519B51F079E}.Debug|Any CPU.ActiveCfg = Debug|Any CPU
		{C0211388-ED60-402F-B741-3519B51F079E}.Debug|Any CPU.Build.0 = Debug|Any CPU
		{C0211388-ED60-402F-B741-3519B51F079E}.Release|Any CPU.ActiveCfg = Release|Any CPU
		{C0211388-ED60-402F-B741-3519B51F079E}.Release|Any CPU.Build.0 = Release|Any CPU
	EndGlobalSection
	GlobalSection(SolutionProperties) = preSolution
		HideSolutionNode = FALSE
	EndGlobalSection
	GlobalSection(ExtensibilityGlobals) = postSolution
		SolutionGuid = {432819BB-7EB1-4B51-85B4-33926B15165F}
	EndGlobalSection
EndGlobal
