
Microsoft Visual Studio Solution File, Format Version 12.00
# Visual Studio Version 16
VisualStudioVersion = 16.0.32802.440
MinimumVisualStudioVersion = 10.0.40219.1
Project("{FAE04EC0-301F-11D3-BF4B-00C04F79EFBC}") = "2908 상수", "2908 상수\2908 상수.csproj", "{76E22829-97E7-4600-9BB3-601B55EB9662}"
EndProject
Global
	GlobalSection(SolutionConfigurationPlatforms) = preSolution
		Debug|Any CPU = Debug|Any CPU
		Release|Any CPU = Release|Any CPU
	EndGlobalSection
	GlobalSection(ProjectConfigurationPlatforms) = postSolution
		{76E22829-97E7-4600-9BB3-601B55EB9662}.Debug|Any CPU.ActiveCfg = Debug|Any CPU
		{76E22829-97E7-4600-9BB3-601B55EB9662}.Debug|Any CPU.Build.0 = Debug|Any CPU
		{76E22829-97E7-4600-9BB3-601B55EB9662}.Release|Any CPU.ActiveCfg = Release|Any CPU
		{76E22829-97E7-4600-9BB3-601B55EB9662}.Release|Any CPU.Build.0 = Release|Any CPU
	EndGlobalSection
	GlobalSection(SolutionProperties) = preSolution
		HideSolutionNode = FALSE
	EndGlobalSection
	GlobalSection(ExtensibilityGlobals) = postSolution
		SolutionGuid = {548AE8D6-5BA8-4CE5-B0CD-BB9EB3794370}
	EndGlobalSection
EndGlobal
