
Microsoft Visual Studio Solution File, Format Version 12.00
# Visual Studio Version 16
VisualStudioVersion = 16.0.32802.440
MinimumVisualStudioVersion = 10.0.40219.1
Project("{FAE04EC0-301F-11D3-BF4B-00C04F79EFBC}") = "3003 채스", "3003 채스\3003 채스.csproj", "{497DF16A-E946-4C72-AC12-0E95AC702356}"
EndProject
Global
	GlobalSection(SolutionConfigurationPlatforms) = preSolution
		Debug|Any CPU = Debug|Any CPU
		Release|Any CPU = Release|Any CPU
	EndGlobalSection
	GlobalSection(ProjectConfigurationPlatforms) = postSolution
		{497DF16A-E946-4C72-AC12-0E95AC702356}.Debug|Any CPU.ActiveCfg = Debug|Any CPU
		{497DF16A-E946-4C72-AC12-0E95AC702356}.Debug|Any CPU.Build.0 = Debug|Any CPU
		{497DF16A-E946-4C72-AC12-0E95AC702356}.Release|Any CPU.ActiveCfg = Release|Any CPU
		{497DF16A-E946-4C72-AC12-0E95AC702356}.Release|Any CPU.Build.0 = Release|Any CPU
	EndGlobalSection
	GlobalSection(SolutionProperties) = preSolution
		HideSolutionNode = FALSE
	EndGlobalSection
	GlobalSection(ExtensibilityGlobals) = postSolution
		SolutionGuid = {FABE6A6B-BB30-4CD4-996E-7096F71BCAFF}
	EndGlobalSection
EndGlobal
