
Microsoft Visual Studio Solution File, Format Version 12.00
# Visual Studio Version 16
VisualStudioVersion = 16.0.32802.440
MinimumVisualStudioVersion = 10.0.40219.1
Project("{FAE04EC0-301F-11D3-BF4B-00C04F79EFBC}") = "9086 문자열", "9086 문자열\9086 문자열.csproj", "{4DDCAD46-F45A-40B0-ABCF-46179BBF1907}"
EndProject
Global
	GlobalSection(SolutionConfigurationPlatforms) = preSolution
		Debug|Any CPU = Debug|Any CPU
		Release|Any CPU = Release|Any CPU
	EndGlobalSection
	GlobalSection(ProjectConfigurationPlatforms) = postSolution
		{4DDCAD46-F45A-40B0-ABCF-46179BBF1907}.Debug|Any CPU.ActiveCfg = Debug|Any CPU
		{4DDCAD46-F45A-40B0-ABCF-46179BBF1907}.Debug|Any CPU.Build.0 = Debug|Any CPU
		{4DDCAD46-F45A-40B0-ABCF-46179BBF1907}.Release|Any CPU.ActiveCfg = Release|Any CPU
		{4DDCAD46-F45A-40B0-ABCF-46179BBF1907}.Release|Any CPU.Build.0 = Release|Any CPU
	EndGlobalSection
	GlobalSection(SolutionProperties) = preSolution
		HideSolutionNode = FALSE
	EndGlobalSection
	GlobalSection(ExtensibilityGlobals) = postSolution
		SolutionGuid = {376D2CBB-34BB-489E-9B15-E3CAB13145D7}
	EndGlobalSection
EndGlobal
