
Microsoft Visual Studio Solution File, Format Version 12.00
# Visual Studio Version 16
VisualStudioVersion = 16.0.32802.440
MinimumVisualStudioVersion = 10.0.40219.1
Project("{FAE04EC0-301F-11D3-BF4B-00C04F79EFBC}") = "2739 구구단", "2739 구구단\2739 구구단.csproj", "{8ED47C87-DD1D-41E1-A744-C8018B91CF64}"
EndProject
Global
	GlobalSection(SolutionConfigurationPlatforms) = preSolution
		Debug|Any CPU = Debug|Any CPU
		Release|Any CPU = Release|Any CPU
	EndGlobalSection
	GlobalSection(ProjectConfigurationPlatforms) = postSolution
		{8ED47C87-DD1D-41E1-A744-C8018B91CF64}.Debug|Any CPU.ActiveCfg = Debug|Any CPU
		{8ED47C87-DD1D-41E1-A744-C8018B91CF64}.Debug|Any CPU.Build.0 = Debug|Any CPU
		{8ED47C87-DD1D-41E1-A744-C8018B91CF64}.Release|Any CPU.ActiveCfg = Release|Any CPU
		{8ED47C87-DD1D-41E1-A744-C8018B91CF64}.Release|Any CPU.Build.0 = Release|Any CPU
	EndGlobalSection
	GlobalSection(SolutionProperties) = preSolution
		HideSolutionNode = FALSE
	EndGlobalSection
	GlobalSection(ExtensibilityGlobals) = postSolution
		SolutionGuid = {844B6410-49CF-4573-96B6-56CD9AC918EE}
	EndGlobalSection
EndGlobal
