
Microsoft Visual Studio Solution File, Format Version 12.00
# Visual Studio Version 16
VisualStudioVersion = 16.0.32802.440
MinimumVisualStudioVersion = 10.0.40219.1
Project("{FAE04EC0-301F-11D3-BF4B-00C04F79EFBC}") = "10950 A+B -3", "10950 A+B -3\10950 A+B -3.csproj", "{977E08D0-BC5A-4767-82CA-DBCFE28BF7E7}"
EndProject
Global
	GlobalSection(SolutionConfigurationPlatforms) = preSolution
		Debug|Any CPU = Debug|Any CPU
		Release|Any CPU = Release|Any CPU
	EndGlobalSection
	GlobalSection(ProjectConfigurationPlatforms) = postSolution
		{977E08D0-BC5A-4767-82CA-DBCFE28BF7E7}.Debug|Any CPU.ActiveCfg = Debug|Any CPU
		{977E08D0-BC5A-4767-82CA-DBCFE28BF7E7}.Debug|Any CPU.Build.0 = Debug|Any CPU
		{977E08D0-BC5A-4767-82CA-DBCFE28BF7E7}.Release|Any CPU.ActiveCfg = Release|Any CPU
		{977E08D0-BC5A-4767-82CA-DBCFE28BF7E7}.Release|Any CPU.Build.0 = Release|Any CPU
	EndGlobalSection
	GlobalSection(SolutionProperties) = preSolution
		HideSolutionNode = FALSE
	EndGlobalSection
	GlobalSection(ExtensibilityGlobals) = postSolution
		SolutionGuid = {55A603F5-0A5E-4BFB-AFCF-FC26CF469C02}
	EndGlobalSection
EndGlobal
