
Microsoft Visual Studio Solution File, Format Version 12.00
# Visual Studio Version 16
VisualStudioVersion = 16.0.32802.440
MinimumVisualStudioVersion = 10.0.40219.1
Project("{FAE04EC0-301F-11D3-BF4B-00C04F79EFBC}") = "기하 직사각형과 삼각형", "기하 직사각형과 삼각형\기하 직사각형과 삼각형.csproj", "{CF8A146A-3258-4D8B-9852-0C99D1896F10}"
EndProject
Global
	GlobalSection(SolutionConfigurationPlatforms) = preSolution
		Debug|Any CPU = Debug|Any CPU
		Release|Any CPU = Release|Any CPU
	EndGlobalSection
	GlobalSection(ProjectConfigurationPlatforms) = postSolution
		{CF8A146A-3258-4D8B-9852-0C99D1896F10}.Debug|Any CPU.ActiveCfg = Debug|Any CPU
		{CF8A146A-3258-4D8B-9852-0C99D1896F10}.Debug|Any CPU.Build.0 = Debug|Any CPU
		{CF8A146A-3258-4D8B-9852-0C99D1896F10}.Release|Any CPU.ActiveCfg = Release|Any CPU
		{CF8A146A-3258-4D8B-9852-0C99D1896F10}.Release|Any CPU.Build.0 = Release|Any CPU
	EndGlobalSection
	GlobalSection(SolutionProperties) = preSolution
		HideSolutionNode = FALSE
	EndGlobalSection
	GlobalSection(ExtensibilityGlobals) = postSolution
		SolutionGuid = {B2B81520-EDE5-4BAF-B6E2-73949D782855}
	EndGlobalSection
EndGlobal
