
Microsoft Visual Studio Solution File, Format Version 12.00
# Visual Studio Version 17
VisualStudioVersion = 17.5.33530.505
MinimumVisualStudioVersion = 10.0.40219.1
Project("{FAE04EC0-301F-11D3-BF4B-00C04F79EFBC}") = "BaekJoonStack", "BaekJoonStack\BaekJoonStack.csproj", "{A34D82B6-7442-4A31-B9BD-CA0443A1F052}"
EndProject
Global
	GlobalSection(SolutionConfigurationPlatforms) = preSolution
		Debug|Any CPU = Debug|Any CPU
		Release|Any CPU = Release|Any CPU
	EndGlobalSection
	GlobalSection(ProjectConfigurationPlatforms) = postSolution
		{A34D82B6-7442-4A31-B9BD-CA0443A1F052}.Debug|Any CPU.ActiveCfg = Debug|Any CPU
		{A34D82B6-7442-4A31-B9BD-CA0443A1F052}.Debug|Any CPU.Build.0 = Debug|Any CPU
		{A34D82B6-7442-4A31-B9BD-CA0443A1F052}.Release|Any CPU.ActiveCfg = Release|Any CPU
		{A34D82B6-7442-4A31-B9BD-CA0443A1F052}.Release|Any CPU.Build.0 = Release|Any CPU
	EndGlobalSection
	GlobalSection(SolutionProperties) = preSolution
		HideSolutionNode = FALSE
	EndGlobalSection
	GlobalSection(ExtensibilityGlobals) = postSolution
		SolutionGuid = {DBAE0785-5970-4D21-8B53-70B7E73AA7CB}
	EndGlobalSection
EndGlobal
