
Microsoft Visual Studio Solution File, Format Version 12.00
# Visual Studio Version 16
VisualStudioVersion = 16.0.32802.440
MinimumVisualStudioVersion = 10.0.40219.1
Project("{FAE04EC0-301F-11D3-BF4B-00C04F79EFBC}") = "재귀함수", "재귀함수\재귀함수.csproj", "{FC29D7EE-EB5C-4C95-82DC-6B63ED60486A}"
EndProject
Global
	GlobalSection(SolutionConfigurationPlatforms) = preSolution
		Debug|Any CPU = Debug|Any CPU
		Release|Any CPU = Release|Any CPU
	EndGlobalSection
	GlobalSection(ProjectConfigurationPlatforms) = postSolution
		{FC29D7EE-EB5C-4C95-82DC-6B63ED60486A}.Debug|Any CPU.ActiveCfg = Debug|Any CPU
		{FC29D7EE-EB5C-4C95-82DC-6B63ED60486A}.Debug|Any CPU.Build.0 = Debug|Any CPU
		{FC29D7EE-EB5C-4C95-82DC-6B63ED60486A}.Release|Any CPU.ActiveCfg = Release|Any CPU
		{FC29D7EE-EB5C-4C95-82DC-6B63ED60486A}.Release|Any CPU.Build.0 = Release|Any CPU
	EndGlobalSection
	GlobalSection(SolutionProperties) = preSolution
		HideSolutionNode = FALSE
	EndGlobalSection
	GlobalSection(ExtensibilityGlobals) = postSolution
		SolutionGuid = {5954EC34-9554-4572-8E2F-5E3881D90F6B}
	EndGlobalSection
EndGlobal
